github.com/secondarykey/modules_sample v0.0.0 h1:SC0iafrHCLIDlHqwwv0UNRJdw7ZB0P9BXT4ptOBQvk4=
github.com/secondarykey/modules_sample v0.0.0/go.mod h1:/ezP+Ju0qI4hM24+4DnXGxQCrIpYPzjP+H/Mg58PnSw=
github.com/secondarykey/modules_sample v1.12.0 h1:t3bCigcWUew9+8cbUC9t4kA5Im4Dd+d3MlMtbQDGu0I=
github.com/secondarykey/modules_sample v1.12.0/go.mod h1:/ezP+Ju0qI4hM24+4DnXGxQCrIpYPzjP+H/Mg58PnSw=
